
Microsoft Visual Studio Solution File, Format Version 12.00
# Visual Studio Version 16
VisualStudioVersion = 16.0.31112.23
MinimumVisualStudioVersion = 10.0.40219.1
Project("{FAE04EC0-301F-11D3-BF4B-00C04F79EFBC}") = "Votify", "Votify.csproj", "{CED7D23A-BA31-4B53-B511-0715BF059761}"
EndProject
Global
	GlobalSection(SolutionConfigurationPlatforms) = preSolution
		Debug|Any CPU = Debug|Any CPU
		Release|Any CPU = Release|Any CPU
	EndGlobalSection
	GlobalSection(ProjectConfigurationPlatforms) = postSolution
		{CED7D23A-BA31-4B53-B511-0715BF059761}.Debug|Any CPU.ActiveCfg = Debug|Any CPU
		{CED7D23A-BA31-4B53-B511-0715BF059761}.Debug|Any CPU.Build.0 = Debug|Any CPU
		{CED7D23A-BA31-4B53-B511-0715BF059761}.Release|Any CPU.ActiveCfg = Release|Any CPU
		{CED7D23A-BA31-4B53-B511-0715BF059761}.Release|Any CPU.Build.0 = Release|Any CPU
	EndGlobalSection
	GlobalSection(SolutionProperties) = preSolution
		HideSolutionNode = FALSE
	EndGlobalSection
	GlobalSection(ExtensibilityGlobals) = postSolution
		SolutionGuid = {D0394DA8-D2F1-4D2F-8E5D-EA67CBF84A91}
	EndGlobalSection
EndGlobal
